<?xml version="1.0" encoding="utf-8"?>
<Project ToolsVersion="4.0" xmlns="http://schemas.microsoft.com/developer/msbuild/2003">
  <ItemGroup>
    <Filter Include="Source Files">
      <UniqueIdentifier>{4FC737F1-C7A5-4376-A066-2A32D752A2FF}</UniqueIdentifier>
      <Extensions>cpp;cxx;c;def</Extensions>
    </Filter>
    <Filter Include="Header Files">
      <UniqueIdentifier>{93995380-89BD-4b04-88EB-625FBE52EBFB}</UniqueIdentifier>
      <Extensions>h</Extensions>
    </Filter>
    <Filter Include="Form Files">
      <UniqueIdentifier>{99349809-55BA-4b9d-BF79-8FDBB0286EB3}</UniqueIdentifier>
      <Extensions>ui</Extensions>
    </Filter>
    <Filter Include="Resource Files">
      <UniqueIdentifier>{D9D6E242-F8AF-46E4-B9FD-80ECBC20BA3E}</UniqueIdentifier>
      <Extensions>qrc;*</Extensions>
      <ParseFiles>false</ParseFiles>
    </Filter>
    <Filter Include="Generated Files">
      <UniqueIdentifier>{71ED8ED8-ACB9-4CE9-BBE1-E00B30144E11}</UniqueIdentifier>
      <Extensions>moc;h;cpp</Extensions>
      <SourceControlFiles>False</SourceControlFiles>
    </Filter>
    <Filter Include="Generated Files\Debug">
      <UniqueIdentifier>{5c97ed8e-7469-4f3f-8797-f0b169be3621}</UniqueIdentifier>
      <Extensions>cpp;moc</Extensions>
      <SourceControlFiles>False</SourceControlFiles>
    </Filter>
    <Filter Include="Generated Files\Release">
      <UniqueIdentifier>{368b3399-f0a9-4ec4-bc21-aa3f7668f74f}</UniqueIdentifier>
      <Extensions>cpp;moc</Extensions>
      <SourceControlFiles>False</SourceControlFiles>
    </Filter>
    <Filter Include="Generated Files\debug-gui">
      <UniqueIdentifier>{d917d9f7-b8f9-4f3a-80e1-05a8a61c9ab9}</UniqueIdentifier>
      <Extensions>cpp;moc</Extensions>
      <SourceControlFiles>False</SourceControlFiles>
    </Filter>
  </ItemGroup>
  <ItemGroup>
    <ClCompile Include="main.cpp">
      <Filter>Source Files</Filter>
    </ClCompile>
    <ClCompile Include="ugip.cpp">
      <Filter>Source Files</Filter>
    </ClCompile>
    <ClCompile Include="GeneratedFiles\qrc_ugip.cpp">
      <Filter>Generated Files</Filter>
    </ClCompile>
    <ClCompile Include="Util.cpp">
      <Filter>Source Files</Filter>
    </ClCompile>
    <ClCompile Include="GeneratedFiles\Debug\moc_ugip.cpp">
      <Filter>Generated Files\Debug</Filter>
    </ClCompile>
    <ClCompile Include="GeneratedFiles\Release\moc_ugip.cpp">
      <Filter>Generated Files\Release</Filter>
    </ClCompile>
    <ClCompile Include="GeneratedFiles\debug-gui\moc_ugip.cpp">
      <Filter>Generated Files\debug-gui</Filter>
    </ClCompile>
    <ClCompile Include="GeneratedFiles\debug-gui\moc_QClickableGraphicsView.cpp">
      <Filter>Generated Files\debug-gui</Filter>
    </ClCompile>
    <ClCompile Include="GeneratedFiles\Debug\moc_QClickableGraphicsView.cpp">
      <Filter>Generated Files\Debug</Filter>
    </ClCompile>
    <ClCompile Include="GeneratedFiles\Release\moc_QClickableGraphicsView.cpp">
      <Filter>Generated Files\Release</Filter>
    </ClCompile>
    <ClCompile Include="QClickableGraphicsView.cpp">
      <Filter>Source Files</Filter>
    </ClCompile>
    <ClCompile Include="CLParser.cpp">
      <Filter>Source Files</Filter>
    </ClCompile>
    <ClCompile Include="QSelectableCircleScene.cpp">
      <Filter>Source Files</Filter>
    </ClCompile>
    <ClCompile Include="GeneratedFiles\debug-gui\moc_QSelectableCircleScene.cpp">
      <Filter>Generated Files\debug-gui</Filter>
    </ClCompile>
    <ClCompile Include="GeneratedFiles\Debug\moc_QSelectableCircleScene.cpp">
      <Filter>Generated Files\Debug</Filter>
    </ClCompile>
    <ClCompile Include="GeneratedFiles\Release\moc_QSelectableCircleScene.cpp">
      <Filter>Generated Files\Release</Filter>
    </ClCompile>
    <ClCompile Include="uigp2.cpp">
      <Filter>Source Files</Filter>
    </ClCompile>
    <ClCompile Include="GeneratedFiles\debug-gui\moc_uigp2.cpp">
      <Filter>Generated Files\debug-gui</Filter>
    </ClCompile>
    <ClCompile Include="GeneratedFiles\Debug\moc_uigp2.cpp">
      <Filter>Generated Files\Debug</Filter>
    </ClCompile>
    <ClCompile Include="GeneratedFiles\Release\moc_uigp2.cpp">
      <Filter>Generated Files\Release</Filter>
    </ClCompile>
    <ClCompile Include="InputFrame.cpp">
      <Filter>Source Files</Filter>
    </ClCompile>
    <ClCompile Include="GeneratedFiles\debug-gui\moc_InputFrame.cpp">
      <Filter>Generated Files\debug-gui</Filter>
    </ClCompile>
    <ClCompile Include="GeneratedFiles\Debug\moc_InputFrame.cpp">
      <Filter>Generated Files\Debug</Filter>
    </ClCompile>
    <ClCompile Include="GeneratedFiles\Release\moc_InputFrame.cpp">
      <Filter>Generated Files\Release</Filter>
    </ClCompile>
    <ClCompile Include="SaveShowFrame.cpp">
      <Filter>Source Files</Filter>
    </ClCompile>
    <ClCompile Include="GeneratedFiles\debug-gui\moc_SaveShowFrame.cpp">
      <Filter>Generated Files\debug-gui</Filter>
    </ClCompile>
    <ClCompile Include="GeneratedFiles\Debug\moc_SaveShowFrame.cpp">
      <Filter>Generated Files\Debug</Filter>
    </ClCompile>
    <ClCompile Include="GeneratedFiles\Release\moc_SaveShowFrame.cpp">
      <Filter>Generated Files\Release</Filter>
    </ClCompile>
    <ClCompile Include="GeneratedFiles\debug-gui\moc_InfoWidget.cpp">
      <Filter>Generated Files\debug-gui</Filter>
    </ClCompile>
    <ClCompile Include="GeneratedFiles\Debug\moc_InfoWidget.cpp">
      <Filter>Generated Files\Debug</Filter>
    </ClCompile>
    <ClCompile Include="GeneratedFiles\Release\moc_InfoWidget.cpp">
      <Filter>Generated Files\Release</Filter>
    </ClCompile>
    <ClCompile Include="InfoWidget.cpp">
      <Filter>Source Files</Filter>
    </ClCompile>
  </ItemGroup>
  <ItemGroup>
    <CustomBuild Include="ugip.h">
      <Filter>Header Files</Filter>
    </CustomBuild>
    <CustomBuild Include="ugip.ui">
      <Filter>Form Files</Filter>
    </CustomBuild>
    <CustomBuild Include="ugip.qrc">
      <Filter>Resource Files</Filter>
    </CustomBuild>
    <CustomBuild Include="QClickableGraphicsView.h">
      <Filter>Header Files</Filter>
    </CustomBuild>
    <CustomBuild Include="QSelectableCircleScene.h">
      <Filter>Header Files</Filter>
    </CustomBuild>
    <CustomBuild Include="uigp2.h">
      <Filter>Header Files</Filter>
    </CustomBuild>
    <CustomBuild Include="uigp2.ui">
      <Filter>Form Files</Filter>
    </CustomBuild>
    <CustomBuild Include="InputFrame.ui">
      <Filter>Form Files</Filter>
    </CustomBuild>
    <CustomBuild Include="SaveShowFrame.ui">
      <Filter>Form Files</Filter>
    </CustomBuild>
    <CustomBuild Include="InputFrame.h">
      <Filter>Header Files</Filter>
    </CustomBuild>
    <CustomBuild Include="InfoWidget.ui">
      <Filter>Form Files</Filter>
    </CustomBuild>
    <CustomBuild Include="SaveShowFrame.h">
      <Filter>Header Files</Filter>
    </CustomBuild>
    <CustomBuild Include="InfoWidget.h">
      <Filter>Header Files</Filter>
    </CustomBuild>
  </ItemGroup>
  <ItemGroup>
    <ClInclude Include="GeneratedFiles\ui_ugip.h">
      <Filter>Generated Files</Filter>
    </ClInclude>
    <ClInclude Include="Util.h">
      <Filter>Header Files</Filter>
    </ClInclude>
    <ClInclude Include="CLParser.h">
      <Filter>Header Files</Filter>
    </ClInclude>
    <ClInclude Include="resource.h">
      <Filter>Header Files</Filter>
    </ClInclude>
    <ClInclude Include="GeneratedFiles\ui_uigp2.h">
      <Filter>Generated Files</Filter>
    </ClInclude>
    <ClInclude Include="GeneratedFiles\ui_InputFrame.h">
      <Filter>Generated Files</Filter>
    </ClInclude>
    <ClInclude Include="GeneratedFiles\ui_SaveShowFrame.h">
      <Filter>Generated Files</Filter>
    </ClInclude>
    <ClInclude Include="GeneratedFiles\ui_InfoWidget.h">
      <Filter>Generated Files</Filter>
    </ClInclude>
  </ItemGroup>
  <ItemGroup>
    <ResourceCompile Include="ugip.rc" />
  </ItemGroup>
</Project>